// !$*UTF8*$!
{
	archiveVersion = 1;
	classes = {
	};
	objectVersion = 46;
	objects = {

/* Begin PBXBuildFile section */
		BE90A41E1B8BC1F400ABE8E1 /* AppDelegate.swift in Sources */ = {isa = PBXBuildFile; fileRef = BE90A41D1B8BC1F400ABE8E1 /* AppDelegate.swift */; };
		BE90A4201B8BC1F400ABE8E1 /* ViewController.swift in Sources */ = {isa = PBXBuildFile; fileRef = BE90A41F1B8BC1F400ABE8E1 /* ViewController.swift */; };
		BE90A4231B8BC1F400ABE8E1 /* Main.storyboard in Resources */ = {isa = PBXBuildFile; fileRef = BE90A4211B8BC1F400ABE8E1 /* Main.storyboard */; };
		BE90A4251B8BC1F400ABE8E1 /* Images.xcassets in Resources */ = {isa = PBXBuildFile; fileRef = BE90A4241B8BC1F400ABE8E1 /* Images.xcassets */; };
		BE90A4281B8BC1F400ABE8E1 /* LaunchScreen.xib in Resources */ = {isa = PBXBuildFile; fileRef = BE90A4261B8BC1F400ABE8E1 /* LaunchScreen.xib */; };
		BE90A4341B8BC1F400ABE8E1 /* LibrarianInSwiftTests.swift in Sources */ = {isa = PBXBuildFile; fileRef = BE90A4331B8BC1F400ABE8E1 /* LibrarianInSwiftTests.swift */; };
/* End PBXBuildFile section */

/* Begin PBXContainerItemProxy section */
		BE90A42E1B8BC1F400ABE8E1 /* PBXContainerItemProxy */ = {
			isa = PBXContainerItemProxy;
			containerPortal = BE90A4101B8BC1F300ABE8E1 /* Project object */;
			proxyType = 1;
			remoteGlobalIDString = BE90A4171B8BC1F400ABE8E1;
			remoteInfo = LibrarianInSwift;
		};
/* End PBXContainerItemProxy section */

/* Begin PBXFileReference section */
		BE90A4181B8BC1F400ABE8E1 /* LibrarianInSwift.app */ = {isa = PBXFileReference; explicitFileType = wrapper.application; includeInIndex = 0; path = LibrarianInSwift.app; sourceTree = BUILT_PRODUCTS_DIR; };
		BE90A41C1B8BC1F400ABE8E1 /* Info.plist */ = {isa = PBXFileReference; lastKnownFileType = text.plist.xml; path = Info.plist; sourceTree = "<group>"; };
		BE90A41D1B8BC1F400ABE8E1 /* AppDelegate.swift */ = {isa = PBXFileReference; lastKnownFileType = sourcecode.swift; path = AppDelegate.swift; sourceTree = "<group>"; };
		BE90A41F1B8BC1F400ABE8E1 /* ViewController.swift */ = {isa = PBXFileReference; lastKnownFileType = sourcecode.swift; path = ViewController.swift; sourceTree = "<group>"; };
		BE90A4221B8BC1F400ABE8E1 /* Base */ = {isa = PBXFileReference; lastKnownFileType = file.storyboard; name = Base; path = Base.lproj/Main.storyboard; sourceTree = "<group>"; };
		BE90A4241B8BC1F400ABE8E1 /* Images.xcassets */ = {isa = PBXFileReference; lastKnownFileType = folder.assetcatalog; path = Images.xcassets; sourceTree = "<group>"; };
		BE90A4271B8BC1F400ABE8E1 /* Base */ = {isa = PBXFileReference; lastKnownFileType = file.xib; name = Base; path = Base.lproj/LaunchScreen.xib; sourceTree = "<group>"; };
		BE90A42D1B8BC1F400ABE8E1 /* LibrarianInSwiftTests.xctest */ = {isa = PBXFileReference; explicitFileType = wrapper.cfbundle; includeInIndex = 0; path = LibrarianInSwiftTests.xctest; sourceTree = BUILT_PRODUCTS_DIR; };
		BE90A4321B8BC1F400ABE8E1 /* Info.plist */ = {isa = PBXFileReference; lastKnownFileType = text.plist.xml; path = Info.plist; sourceTree = "<group>"; };
		BE90A4331B8BC1F400ABE8E1 /* LibrarianInSwiftTests.swift */ = {isa = PBXFileReference; lastKnownFileType = sourcecode.swift; path = LibrarianInSwiftTests.swift; sourceTree = "<group>"; };
/* End PBXFileReference section */

/* Begin PBXFrameworksBuildPhase section */
		BE90A4151B8BC1F400ABE8E1 /* Frameworks */ = {
			isa = PBXFrameworksBuildPhase;
			buildActionMask = 2147483647;
			files = (
			);
			runOnlyForDeploymentPostprocessing = 0;
		};
		BE90A42A1B8BC1F400ABE8E1 /* Frameworks */ = {
			isa = PBXFrameworksBuildPhase;
			buildActionMask = 2147483647;
			files = (
			);
			runOnlyForDeploymentPostprocessing = 0;
		};
/* End PBXFrameworksBuildPhase section */

/* Begin PBXGroup section */
		BE90A40F1B8BC1F300ABE8E1 = {
			isa = PBXGroup;
			children = (
				BE90A41A1B8BC1F400ABE8E1 /* LibrarianInSwift */,
				BE90A4301B8BC1F400ABE8E1 /* LibrarianInSwiftTests */,
				BE90A4191B8BC1F400ABE8E1 /* Products */,
			);
			sourceTree = "<group>";
		};
		BE90A4191B8BC1F400ABE8E1 /* Products */ = {
			isa = PBXGroup;
			children = (
				BE90A4181B8BC1F400ABE8E1 /* LibrarianInSwift.app */,
				BE90A42D1B8BC1F400ABE8E1 /* LibrarianInSwiftTests.xctest */,
			);
			name = Products;
			sourceTree = "<group>";
		};
		BE90A41A1B8BC1F400ABE8E1 /* LibrarianInSwift */ = {
			isa = PBXGroup;
			children = (
				BE90A41D1B8BC1F400ABE8E1 /* AppDelegate.swift */,
				BE90A41F1B8BC1F400ABE8E1 /* ViewController.swift */,
				BE90A4211B8BC1F400ABE8E1 /* Main.storyboard */,
				BE90A4241B8BC1F400ABE8E1 /* Images.xcassets */,
				BE90A4261B8BC1F400ABE8E1 /* LaunchScreen.xib */,
				BE90A41B1B8BC1F400ABE8E1 /* Supporting Files */,
			);
			path = LibrarianInSwift;
			sourceTree = "<group>";
		};
		BE90A41B1B8BC1F400ABE8E1 /* Supporting Files */ = {
			isa = PBXGroup;
			children = (
				BE90A41C1B8BC1F400ABE8E1 /* Info.plist */,
			);
			name = "Supporting Files";
			sourceTree = "<group>";
		};
		BE90A4301B8BC1F400ABE8E1 /* LibrarianInSwiftTests */ = {
			isa = PBXGroup;
			children = (
				BE90A4331B8BC1F400ABE8E1 /* LibrarianInSwiftTests.swift */,
				BE90A4311B8BC1F400ABE8E1 /* Supporting Files */,
			);
			path = LibrarianInSwiftTests;
			sourceTree = "<group>";
		};
		BE90A4311B8BC1F400ABE8E1 /* Supporting Files */ = {
			isa = PBXGroup;
			children = (
				BE90A4321B8BC1F400ABE8E1 /* Info.plist */,
			);
			name = "Supporting Files";
			sourceTree = "<group>";
		};
/* End PBXGroup section */

/* Begin PBXNativeTarget section */
		BE90A4171B8BC1F400ABE8E1 /* LibrarianInSwift */ = {
			isa = PBXNativeTarget;
			buildConfigurationList = BE90A4371B8BC1F400ABE8E1 /* Build configuration list for PBXNativeTarget "LibrarianInSwift" */;
			buildPhases = (
				BE90A4141B8BC1F400ABE8E1 /* Sources */,
				BE90A4151B8BC1F400ABE8E1 /* Frameworks */,
				BE90A4161B8BC1F400ABE8E1 /* Resources */,
			);
			buildRules = (
			);
			dependencies = (
			);
			name = LibrarianInSwift;
			productName = LibrarianInSwift;
			productReference = BE90A4181B8BC1F400ABE8E1 /* LibrarianInSwift.app */;
			productType = "com.apple.product-type.application";
		};
		BE90A42C1B8BC1F400ABE8E1 /* LibrarianInSwiftTests */ = {
			isa = PBXNativeTarget;
			buildConfigurationList = BE90A43A1B8BC1F400ABE8E1 /* Build configuration list for PBXNativeTarget "LibrarianInSwiftTests" */;
			buildPhases = (
				BE90A4291B8BC1F400ABE8E1 /* Sources */,
				BE90A42A1B8BC1F400ABE8E1 /* Frameworks */,
				BE90A42B1B8BC1F400ABE8E1 /* Resources */,
			);
			buildRules = (
			);
			dependencies = (
				BE90A42F1B8BC1F400ABE8E1 /* PBXTargetDependency */,
			);
			name = LibrarianInSwiftTests;
			productName = LibrarianInSwiftTests;
			productReference = BE90A42D1B8BC1F400ABE8E1 /* LibrarianInSwiftTests.xctest */;
			productType = "com.apple.product-type.bundle.unit-test";
		};
/* End PBXNativeTarget section */

/* Begin PBXProject section */
		BE90A4101B8BC1F300ABE8E1 /* Project object */ = {
			isa = PBXProject;
			attributes = {
				LastUpgradeCheck = 0640;
				ORGANIZATIONNAME = allensu;
				TargetAttributes = {
					BE90A4171B8BC1F400ABE8E1 = {
						CreatedOnToolsVersion = 6.4;
					};
					BE90A42C1B8BC1F400ABE8E1 = {
						CreatedOnToolsVersion = 6.4;
						TestTargetID = BE90A4171B8BC1F400ABE8E1;
					};
				};
			};
			buildConfigurationList = BE90A4131B8BC1F300ABE8E1 /* Build configuration list for PBXProject "LibrarianInSwift" */;
			compatibilityVersion = "Xcode 3.2";
			developmentRegion = English;
			hasScannedForEncodings = 0;
			knownRegions = (
				en,
				Base,
			);
			mainGroup = BE90A40F1B8BC1F300ABE8E1;
			productRefGroup = BE90A4191B8BC1F400ABE8E1 /* Products */;
			projectDirPath = "";
			projectRoot = "";
			targets = (
				BE90A4171B8BC1F400ABE8E1 /* LibrarianInSwift */,
				BE90A42C1B8BC1F400ABE8E1 /* LibrarianInSwiftTests */,
			);
		};
/* End PBXProject section */

/* Begin PBXResourcesBuildPhase section */
		BE90A4161B8BC1F400ABE8E1 /* Resources */ = {
			isa = PBXResourcesBuildPhase;
			buildActionMask = 2147483647;
			files = (
				BE90A4231B8BC1F400ABE8E1 /* Main.storyboard in Resources */,
				BE90A4281B8BC1F400ABE8E1 /* LaunchScreen.xib in Resources */,
				BE90A4251B8BC1F400ABE8E1 /* Images.xcassets in Resources */,
			);
			runOnlyForDeploymentPostprocessing = 0;
		};
		BE90A42B1B8BC1F400ABE8E1 /* Resources */ = {
			isa = PBXResourcesBuildPhase;
			buildActionMask = 2147483647;
			files = (
			);
			runOnlyForDeploymentPostprocessing = 0;
		};
/* End PBXResourcesBuildPhase section */

/* Begin PBXSourcesBuildPhase section */
		BE90A4141B8BC1F400ABE8E1 /* Sources */ = {
			isa = PBXSourcesBuildPhase;
			buildActionMask = 2147483647;
			files = (
				BE90A4201B8BC1F400ABE8E1 /* ViewController.swift in Sources */,
				BE90A41E1B8BC1F400ABE8E1 /* AppDelegate.swift in Sources */,
			);
			runOnlyForDeploymentPostprocessing = 0;
		};
		BE90A4291B8BC1F400ABE8E1 /* Sources */ = {
			isa = PBXSourcesBuildPhase;
			buildActionMask = 2147483647;
			files = (
				BE90A4341B8BC1F400ABE8E1 /* LibrarianInSwiftTests.swift in Sources */,
			);
			runOnlyForDeploymentPostprocessing = 0;
		};
/* End PBXSourcesBuildPhase section */

/* Begin PBXTargetDependency section */
		BE90A42F1B8BC1F400ABE8E1 /* PBXTargetDependency */ = {
			isa = PBXTargetDependency;
			target = BE90A4171B8BC1F400ABE8E1 /* LibrarianInSwift */;
			targetProxy = BE90A42E1B8BC1F400ABE8E1 /* PBXContainerItemProxy */;
		};
/* End PBXTargetDependency section */

/* Begin PBXVariantGroup section */
		BE90A4211B8BC1F400ABE8E1 /* Main.storyboard */ = {
			isa = PBXVariantGroup;
			children = (
				BE90A4221B8BC1F400ABE8E1 /* Base */,
			);
			name = Main.storyboard;
			sourceTree = "<group>";
		};
		BE90A4261B8BC1F400ABE8E1 /* LaunchScreen.xib */ = {
			isa = PBXVariantGroup;
			children = (
				BE90A4271B8BC1F400ABE8E1 /* Base */,
			);
			name = LaunchScreen.xib;
			sourceTree = "<group>";
		};
/* End PBXVariantGroup section */

/* Begin XCBuildConfiguration section */
		BE90A4351B8BC1F400ABE8E1 /* Debug */ = {
			isa = XCBuildConfiguration;
			buildSettings = {
				ALWAYS_SEARCH_USER_PATHS = NO;
				CLANG_CXX_LANGUAGE_STANDARD = "gnu++0x";
				CLANG_CXX_LIBRARY = "libc++";
				CLANG_ENABLE_MODULES = YES;
				CLANG_ENABLE_OBJC_ARC = YES;
				CLANG_WARN_BOOL_CONVERSION = YES;
				CLANG_WARN_CONSTANT_CONVERSION = YES;
				CLANG_WARN_DIRECT_OBJC_ISA_USAGE = YES_ERROR;
				CLANG_WARN_EMPTY_BODY = YES;
				CLANG_WARN_ENUM_CONVERSION = YES;
				CLANG_WARN_INT_CONVERSION = YES;
				CLANG_WARN_OBJC_ROOT_CLASS = YES_ERROR;
				CLANG_WARN_UNREACHABLE_CODE = YES;
				CLANG_WARN__DUPLICATE_METHOD_MATCH = YES;
				"CODE_SIGN_IDENTITY[sdk=iphoneos*]" = "iPhone Developer";
				COPY_PHASE_STRIP = NO;
				DEBUG_INFORMATION_FORMAT = "dwarf-with-dsym";
				ENABLE_STRICT_OBJC_MSGSEND = YES;
				GCC_C_LANGUAGE_STANDARD = gnu99;
				GCC_DYNAMIC_NO_PIC = NO;
				GCC_NO_COMMON_BLOCKS = YES;
				GCC_OPTIMIZATION_LEVEL = 0;
				GCC_PREPROCESSOR_DEFINITIONS = (
					"DEBUG=1",
					"$(inherited)",
				);
				GCC_SYMBOLS_PRIVATE_EXTERN = NO;
				GCC_WARN_64_TO_32_BIT_CONVERSION = YES;
				GCC_WARN_ABOUT_RETURN_TYPE = YES_ERROR;
				GCC_WARN_UNDECLARED_SELECTOR = YES;
				GCC_WARN_UNINITIALIZED_AUTOS = YES_AGGRESSIVE;
				GCC_WARN_UNUSED_FUNCTION = YES;
				GCC_WARN_UNUSED_VARIABLE = YES;
				IPHONEOS_DEPLOYMENT_TARGET = 8.4;
				MTL_ENABLE_DEBUG_INFO = YES;
				ONLY_ACTIVE_ARCH = YES;
				SDKROOT = iphoneos;
				SWIFT_OPTIMIZATION_LEVEL = "-Onone";
			};
			name = Debug;
		};
		BE90A4361B8BC1F400ABE8E1 /* Release */ = {
			isa = XCBuildConfiguration;
			buildSettings = {
				ALWAYS_SEARCH_USER_PATHS = NO;
				CLANG_CXX_LANGUAGE_STANDARD = "gnu++0x";
				CLANG_CXX_LIBRARY = "libc++";
				CLANG_ENABLE_MODULES = YES;
				CLANG_ENABLE_OBJC_ARC = YES;
				CLANG_WARN_BOOL_CONVERSION = YES;
				CLANG_WARN_CONSTANT_CONVERSION = YES;
				CLANG_WARN_DIRECT_OBJC_ISA_USAGE = YES_ERROR;
				CLANG_WARN_EMPTY_BODY = YES;
				CLANG_WARN_ENUM_CONVERSION = YES;
				CLANG_WARN_INT_CONVERSION = YES;
				CLANG_WARN_OBJC_ROOT_CLASS = YES_ERROR;
				CLANG_WARN_UNREACHABLE_CODE = YES;
				CLANG_WARN__DUPLICATE_METHOD_MATCH = YES;
				"CODE_SIGN_IDENTITY[sdk=iphoneos*]" = "iPhone Developer";
				COPY_PHASE_STRIP = NO;
				DEBUG_INFORMATION_FORMAT = "dwarf-with-dsym";
				ENABLE_NS_ASSERTIONS = NO;
				ENABLE_STRICT_OBJC_MSGSEND = YES;
				GCC_C_LANGUAGE_STANDARD = gnu99;
				GCC_NO_COMMON_BLOCKS = YES;
				GCC_WARN_64_TO_32_BIT_CONVERSION = YES;
				GCC_WARN_ABOUT_RETURN_TYPE = YES_ERROR;
				GCC_WARN_UNDECLARED_SELECTOR = YES;
				GCC_WARN_UNINITIALIZED_AUTOS = YES_AGGRESSIVE;
				GCC_WARN_UNUSED_FUNCTION = YES;
				GCC_WARN_UNUSED_VARIABLE = YES;
				IPHONEOS_DEPLOYMENT_TARGET = 8.4;
				MTL_ENABLE_DEBUG_INFO = NO;
				SDKROOT = iphoneos;
				VALIDATE_PRODUCT = YES;
			};
			name = Release;
		};
		BE90A4381B8BC1F400ABE8E1 /* Debug */ = {
			isa = XCBuildConfiguration;
			buildSettings = {
				ASSETCATALOG_COMPILER_APPICON_NAME = AppIcon;
				INFOPLIST_FILE = LibrarianInSwift/Info.plist;
				LD_RUNPATH_SEARCH_PATHS = "$(inherited) @executable_path/Frameworks";
				PRODUCT_NAME = "$(TARGET_NAME)";
			};
			name = Debug;
		};
		BE90A4391B8BC1F400ABE8E1 /* Release */ = {
			isa = XCBuildConfiguration;
			buildSettings = {
				ASSETCATALOG_COMPILER_APPICON_NAME = AppIcon;
				INFOPLIST_FILE = LibrarianInSwift/Info.plist;
				LD_RUNPATH_SEARCH_PATHS = "$(inherited) @executable_path/Frameworks";
				PRODUCT_NAME = "$(TARGET_NAME)";
			};
			name = Release;
		};
		BE90A43B1B8BC1F400ABE8E1 /* Debug */ = {
			isa = XCBuildConfiguration;
			buildSettings = {
				BUNDLE_LOADER = "$(TEST_HOST)";
				FRAMEWORK_SEARCH_PATHS = (
					"$(SDKROOT)/Developer/Library/Frameworks",
					"$(inherited)",
				);
				GCC_PREPROCESSOR_DEFINITIONS = (
					"DEBUG=1",
					"$(inherited)",
				);
				INFOPLIST_FILE = LibrarianInSwiftTests/Info.plist;
				LD_RUNPATH_SEARCH_PATHS = "$(inherited) @executable_path/Frameworks @loader_path/Frameworks";
				PRODUCT_NAME = "$(TARGET_NAME)";
				TEST_HOST = "$(BUILT_PRODUCTS_DIR)/LibrarianInSwift.app/LibrarianInSwift";
			};
			name = Debug;
		};
		BE90A43C1B8BC1F400ABE8E1 /* Release */ = {
			isa = XCBuildConfiguration;
			buildSettings = {
				BUNDLE_LOADER = "$(TEST_HOST)";
				FRAMEWORK_SEARCH_PATHS = (
					"$(SDKROOT)/Developer/Library/Frameworks",
					"$(inherited)",
				);
				INFOPLIST_FILE = LibrarianInSwiftTests/Info.plist;
				LD_RUNPATH_SEARCH_PATHS = "$(inherited) @executable_path/Frameworks @loader_path/Frameworks";
				PRODUCT_NAME = "$(TARGET_NAME)";
				TEST_HOST = "$(BUILT_PRODUCTS_DIR)/LibrarianInSwift.app/LibrarianInSwift";
			};
			name = Release;
		};
/* End XCBuildConfiguration section */

/* Begin XCConfigurationList section */
		BE90A4131B8BC1F300ABE8E1 /* Build configuration list for PBXProject "LibrarianInSwift" */ = {
			isa = XCConfigurationList;
			buildConfigurations = (
				BE90A4351B8BC1F400ABE8E1 /* Debug */,
				BE90A4361B8BC1F400ABE8E1 /* Release */,
			);
			defaultConfigurationIsVisible = 0;
			defaultConfigurationName = Release;
		};
		BE90A4371B8BC1F400ABE8E1 /* Build configuration list for PBXNativeTarget "LibrarianInSwift" */ = {
			isa = XCConfigurationList;
			buildConfigurations = (
				BE90A4381B8BC1F400ABE8E1 /* Debug */,
				BE90A4391B8BC1F400ABE8E1 /* Release */,
			);
			defaultConfigurationIsVisible = 0;
		};
		BE90A43A1B8BC1F400ABE8E1 /* Build configuration list for PBXNativeTarget "LibrarianInSwiftTests" */ = {
			isa = XCConfigurationList;
			buildConfigurations = (
				BE90A43B1B8BC1F400ABE8E1 /* Debug */,
				BE90A43C1B8BC1F400ABE8E1 /* Release */,
			);
			defaultConfigurationIsVisible = 0;
		};
/* End XCConfigurationList section */
	};
	rootObject = BE90A4101B8BC1F300ABE8E1 /* Project object */;
}
